
Microsoft Visual Studio Solution File, Format Version 12.00
# Visual Studio Version 17
VisualStudioVersion = 17.11.35017.193
MinimumVisualStudioVersion = 10.0.40219.1
Project("{9A19103F-16F7-4668-BE54-9A1E7A4F7556}") = "JCNET", "JCNET\JCNET.csproj", "{19362016-2BD5-480D-8FE2-19BE9EFD3B70}"
EndProject
Project("{FAE04EC0-301F-11D3-BF4B-00C04F79EFBC}") = "Test", "Test\Test.csproj", "{72B3CEF6-3D63-4702-A34B-B7AF3A42A20E}"
EndProject
Global
	GlobalSection(SolutionConfigurationPlatforms) = preSolution
		Debug|Any CPU = Debug|Any CPU
		Release|Any CPU = Release|Any CPU
	EndGlobalSection
	GlobalSection(ProjectConfigurationPlatforms) = postSolution
		{19362016-2BD5-480D-8FE2-19BE9EFD3B70}.Debug|Any CPU.ActiveCfg = Debug|Any CPU
		{19362016-2BD5-480D-8FE2-19BE9EFD3B70}.Debug|Any CPU.Build.0 = Debug|Any CPU
		{19362016-2BD5-480D-8FE2-19BE9EFD3B70}.Release|Any CPU.ActiveCfg = Release|Any CPU
		{19362016-2BD5-480D-8FE2-19BE9EFD3B70}.Release|Any CPU.Build.0 = Release|Any CPU
		{72B3CEF6-3D63-4702-A34B-B7AF3A42A20E}.Debug|Any CPU.ActiveCfg = Debug|Any CPU
		{72B3CEF6-3D63-4702-A34B-B7AF3A42A20E}.Debug|Any CPU.Build.0 = Debug|Any CPU
		{72B3CEF6-3D63-4702-A34B-B7AF3A42A20E}.Release|Any CPU.ActiveCfg = Release|Any CPU
		{72B3CEF6-3D63-4702-A34B-B7AF3A42A20E}.Release|Any CPU.Build.0 = Release|Any CPU
	EndGlobalSection
	GlobalSection(SolutionProperties) = preSolution
		HideSolutionNode = FALSE
	EndGlobalSection
	GlobalSection(ExtensibilityGlobals) = postSolution
		SolutionGuid = {D19C7C60-5476-49B1-B197-4A5758B4E737}
	EndGlobalSection
EndGlobal
